
Microsoft Visual Studio Solution File, Format Version 12.00
# Visual Studio Version 17
VisualStudioVersion = 17.6.33712.159
MinimumVisualStudioVersion = 10.0.40219.1
Project("{9A19103F-16F7-4668-BE54-9A1E7A4F7556}") = "Simple.Data", "Simple.Data\Simple.Data.csproj", "{DD84173F-4C05-4FC3-A6E8-62D02F57B438}"
EndProject
Project("{9A19103F-16F7-4668-BE54-9A1E7A4F7556}") = "Simple.Data.Abstractions", "Simple.Data.Abstractions\Simple.Data.Abstractions.csproj", "{E7C6CE15-E9A5-41B2-91FF-6B84B6772FA4}"
EndProject
Project("{9A19103F-16F7-4668-BE54-9A1E7A4F7556}") = "Simple.Data.Common", "Simple.Data.Common\Simple.Data.Common.csproj", "{596E03FC-1875-4865-B4C2-BE99CA53A232}"
EndProject
Project("{FAE04EC0-301F-11D3-BF4B-00C04F79EFBC}") = "Simple.Data.EntityFrameworkCore", "Simple.Data.EntityFrameworkCore\Simple.Data.EntityFrameworkCore.csproj", "{496AA1BF-9EFE-4B63-875C-2D0AE09B873A}"
EndProject
Project("{FAE04EC0-301F-11D3-BF4B-00C04F79EFBC}") = "Simple.Data.EntityFrameworkCore.Abstractions", "Simple.Data.EntityFrameworkCore.Abstractions\Simple.Data.EntityFrameworkCore.Abstractions.csproj", "{FB6E41E6-8E32-4040-BAB7-C9F46F768D4F}"
EndProject
Global
	GlobalSection(SolutionConfigurationPlatforms) = preSolution
		Debug|Any CPU = Debug|Any CPU
		Release|Any CPU = Release|Any CPU
	EndGlobalSection
	GlobalSection(ProjectConfigurationPlatforms) = postSolution
		{DD84173F-4C05-4FC3-A6E8-62D02F57B438}.Debug|Any CPU.ActiveCfg = Debug|Any CPU
		{DD84173F-4C05-4FC3-A6E8-62D02F57B438}.Debug|Any CPU.Build.0 = Debug|Any CPU
		{DD84173F-4C05-4FC3-A6E8-62D02F57B438}.Release|Any CPU.ActiveCfg = Release|Any CPU
		{DD84173F-4C05-4FC3-A6E8-62D02F57B438}.Release|Any CPU.Build.0 = Release|Any CPU
		{E7C6CE15-E9A5-41B2-91FF-6B84B6772FA4}.Debug|Any CPU.ActiveCfg = Debug|Any CPU
		{E7C6CE15-E9A5-41B2-91FF-6B84B6772FA4}.Debug|Any CPU.Build.0 = Debug|Any CPU
		{E7C6CE15-E9A5-41B2-91FF-6B84B6772FA4}.Release|Any CPU.ActiveCfg = Release|Any CPU
		{E7C6CE15-E9A5-41B2-91FF-6B84B6772FA4}.Release|Any CPU.Build.0 = Release|Any CPU
		{596E03FC-1875-4865-B4C2-BE99CA53A232}.Debug|Any CPU.ActiveCfg = Debug|Any CPU
		{596E03FC-1875-4865-B4C2-BE99CA53A232}.Debug|Any CPU.Build.0 = Debug|Any CPU
		{596E03FC-1875-4865-B4C2-BE99CA53A232}.Release|Any CPU.ActiveCfg = Release|Any CPU
		{596E03FC-1875-4865-B4C2-BE99CA53A232}.Release|Any CPU.Build.0 = Release|Any CPU
		{496AA1BF-9EFE-4B63-875C-2D0AE09B873A}.Debug|Any CPU.ActiveCfg = Debug|Any CPU
		{496AA1BF-9EFE-4B63-875C-2D0AE09B873A}.Debug|Any CPU.Build.0 = Debug|Any CPU
		{496AA1BF-9EFE-4B63-875C-2D0AE09B873A}.Release|Any CPU.ActiveCfg = Release|Any CPU
		{496AA1BF-9EFE-4B63-875C-2D0AE09B873A}.Release|Any CPU.Build.0 = Release|Any CPU
		{FB6E41E6-8E32-4040-BAB7-C9F46F768D4F}.Debug|Any CPU.ActiveCfg = Debug|Any CPU
		{FB6E41E6-8E32-4040-BAB7-C9F46F768D4F}.Debug|Any CPU.Build.0 = Debug|Any CPU
		{FB6E41E6-8E32-4040-BAB7-C9F46F768D4F}.Release|Any CPU.ActiveCfg = Release|Any CPU
		{FB6E41E6-8E32-4040-BAB7-C9F46F768D4F}.Release|Any CPU.Build.0 = Release|Any CPU
	EndGlobalSection
	GlobalSection(SolutionProperties) = preSolution
		HideSolutionNode = FALSE
	EndGlobalSection
	GlobalSection(ExtensibilityGlobals) = postSolution
		SolutionGuid = {B5D11120-7F45-4864-9F6F-EBD346DB848C}
	EndGlobalSection
EndGlobal
